
Microsoft Visual Studio Solution File, Format Version 12.00
# Visual Studio 15
VisualStudioVersion = 15.0.28010.2041
MinimumVisualStudioVersion = 10.0.40219.1
Project("{FAE04EC0-301F-11D3-BF4B-00C04F79EFBC}") = "Interface.Monitoring", "Interface.Monitoring\Interface.Monitoring.csproj", "{026D3C4B-0448-4824-B5AF-5315B1BC13D4}"
EndProject
Project("{FAE04EC0-301F-11D3-BF4B-00C04F79EFBC}") = "Interface.Nursing", "Interface.Nursing\Interface.Nursing.csproj", "{77D6A02D-01C3-4298-AB68-41912B158497}"
EndProject
Project("{FAE04EC0-301F-11D3-BF4B-00C04F79EFBC}") = "Debug", "Debug\Debug.csproj", "{472786BD-AFFC-4AE1-82C7-94798409EA4D}"
EndProject
Project("{FAE04EC0-301F-11D3-BF4B-00C04F79EFBC}") = "BabyphoneDataAccess", "BabyphoneDataAccess\BabyphoneDataAccess.csproj", "{DFFA20D5-3F30-4512-B8F0-80730522587F}"
EndProject
Project("{FAE04EC0-301F-11D3-BF4B-00C04F79EFBC}") = "DataEntities", "DataEntities\DataEntities.csproj", "{CA19B99B-46AC-4D14-9E7D-4551459B5DE8}"
EndProject
Project("{FAE04EC0-301F-11D3-BF4B-00C04F79EFBC}") = "CaretakerCommunication", "CaretakerCommunication\CaretakerCommunication.csproj", "{A6BE6C44-446A-4FAC-A3EB-9F2AE0347E50}"
EndProject
Project("{FAE04EC0-301F-11D3-BF4B-00C04F79EFBC}") = "Logic", "Logic\Logic.csproj", "{7847DB7A-B833-4622-B253-069110B601CD}"
EndProject
Global
	GlobalSection(SolutionConfigurationPlatforms) = preSolution
		Debug|Any CPU = Debug|Any CPU
		Release|Any CPU = Release|Any CPU
	EndGlobalSection
	GlobalSection(ProjectConfigurationPlatforms) = postSolution
		{026D3C4B-0448-4824-B5AF-5315B1BC13D4}.Debug|Any CPU.ActiveCfg = Debug|Any CPU
		{026D3C4B-0448-4824-B5AF-5315B1BC13D4}.Debug|Any CPU.Build.0 = Debug|Any CPU
		{026D3C4B-0448-4824-B5AF-5315B1BC13D4}.Release|Any CPU.ActiveCfg = Release|Any CPU
		{026D3C4B-0448-4824-B5AF-5315B1BC13D4}.Release|Any CPU.Build.0 = Release|Any CPU
		{77D6A02D-01C3-4298-AB68-41912B158497}.Debug|Any CPU.ActiveCfg = Debug|Any CPU
		{77D6A02D-01C3-4298-AB68-41912B158497}.Debug|Any CPU.Build.0 = Debug|Any CPU
		{77D6A02D-01C3-4298-AB68-41912B158497}.Release|Any CPU.ActiveCfg = Release|Any CPU
		{77D6A02D-01C3-4298-AB68-41912B158497}.Release|Any CPU.Build.0 = Release|Any CPU
		{472786BD-AFFC-4AE1-82C7-94798409EA4D}.Debug|Any CPU.ActiveCfg = Debug|Any CPU
		{472786BD-AFFC-4AE1-82C7-94798409EA4D}.Debug|Any CPU.Build.0 = Debug|Any CPU
		{472786BD-AFFC-4AE1-82C7-94798409EA4D}.Release|Any CPU.ActiveCfg = Release|Any CPU
		{472786BD-AFFC-4AE1-82C7-94798409EA4D}.Release|Any CPU.Build.0 = Release|Any CPU
		{DFFA20D5-3F30-4512-B8F0-80730522587F}.Debug|Any CPU.ActiveCfg = Debug|Any CPU
		{DFFA20D5-3F30-4512-B8F0-80730522587F}.Debug|Any CPU.Build.0 = Debug|Any CPU
		{DFFA20D5-3F30-4512-B8F0-80730522587F}.Release|Any CPU.ActiveCfg = Release|Any CPU
		{DFFA20D5-3F30-4512-B8F0-80730522587F}.Release|Any CPU.Build.0 = Release|Any CPU
		{CA19B99B-46AC-4D14-9E7D-4551459B5DE8}.Debug|Any CPU.ActiveCfg = Debug|Any CPU
		{CA19B99B-46AC-4D14-9E7D-4551459B5DE8}.Debug|Any CPU.Build.0 = Debug|Any CPU
		{CA19B99B-46AC-4D14-9E7D-4551459B5DE8}.Release|Any CPU.ActiveCfg = Release|Any CPU
		{CA19B99B-46AC-4D14-9E7D-4551459B5DE8}.Release|Any CPU.Build.0 = Release|Any CPU
		{A6BE6C44-446A-4FAC-A3EB-9F2AE0347E50}.Debug|Any CPU.ActiveCfg = Debug|Any CPU
		{A6BE6C44-446A-4FAC-A3EB-9F2AE0347E50}.Debug|Any CPU.Build.0 = Debug|Any CPU
		{A6BE6C44-446A-4FAC-A3EB-9F2AE0347E50}.Release|Any CPU.ActiveCfg = Release|Any CPU
		{A6BE6C44-446A-4FAC-A3EB-9F2AE0347E50}.Release|Any CPU.Build.0 = Release|Any CPU
		{7847DB7A-B833-4622-B253-069110B601CD}.Debug|Any CPU.ActiveCfg = Debug|Any CPU
		{7847DB7A-B833-4622-B253-069110B601CD}.Debug|Any CPU.Build.0 = Debug|Any CPU
		{7847DB7A-B833-4622-B253-069110B601CD}.Release|Any CPU.ActiveCfg = Release|Any CPU
		{7847DB7A-B833-4622-B253-069110B601CD}.Release|Any CPU.Build.0 = Release|Any CPU
	EndGlobalSection
	GlobalSection(SolutionProperties) = preSolution
		HideSolutionNode = FALSE
	EndGlobalSection
	GlobalSection(ExtensibilityGlobals) = postSolution
		SolutionGuid = {5ED4BECA-EC2B-4A0D-827E-919B339918B9}
	EndGlobalSection
EndGlobal
